
Microsoft Visual Studio Solution File, Format Version 12.00
# Visual Studio 15
VisualStudioVersion = 15.0.28307.1000
MinimumVisualStudioVersion = 10.0.40219.1
Project("{FAE04EC0-301F-11D3-BF4B-00C04F79EFBC}") = "Labsheet8V2", "Labsheet8V2\Labsheet8V2.csproj", "{C7F1E99C-B640-4200-9ED9-CA244952F9B7}"
EndProject
Project("{FAE04EC0-301F-11D3-BF4B-00C04F79EFBC}") = "DataManagement", "DataManagement\DataManagement.csproj", "{ECB43201-DC26-4B7D-8C07-9077DCDF1639}"
EndProject
Global
	GlobalSection(SolutionConfigurationPlatforms) = preSolution
		Debug|Any CPU = Debug|Any CPU
		Release|Any CPU = Release|Any CPU
	EndGlobalSection
	GlobalSection(ProjectConfigurationPlatforms) = postSolution
		{C7F1E99C-B640-4200-9ED9-CA244952F9B7}.Debug|Any CPU.ActiveCfg = Debug|Any CPU
		{C7F1E99C-B640-4200-9ED9-CA244952F9B7}.Debug|Any CPU.Build.0 = Debug|Any CPU
		{C7F1E99C-B640-4200-9ED9-CA244952F9B7}.Release|Any CPU.ActiveCfg = Release|Any CPU
		{C7F1E99C-B640-4200-9ED9-CA244952F9B7}.Release|Any CPU.Build.0 = Release|Any CPU
		{ECB43201-DC26-4B7D-8C07-9077DCDF1639}.Debug|Any CPU.ActiveCfg = Debug|Any CPU
		{ECB43201-DC26-4B7D-8C07-9077DCDF1639}.Debug|Any CPU.Build.0 = Debug|Any CPU
		{ECB43201-DC26-4B7D-8C07-9077DCDF1639}.Release|Any CPU.ActiveCfg = Release|Any CPU
		{ECB43201-DC26-4B7D-8C07-9077DCDF1639}.Release|Any CPU.Build.0 = Release|Any CPU
	EndGlobalSection
	GlobalSection(SolutionProperties) = preSolution
		HideSolutionNode = FALSE
	EndGlobalSection
	GlobalSection(ExtensibilityGlobals) = postSolution
		SolutionGuid = {6DD738A2-8BDF-4126-BBF5-3642212C41B9}
	EndGlobalSection
EndGlobal
